
Microsoft Visual Studio Solution File, Format Version 12.00
# Visual Studio Version 17
VisualStudioVersion = 17.0.31903.59
MinimumVisualStudioVersion = 10.0.40219.1
Project("{9A19103F-16F7-4668-BE54-9A1E7A4F7556}") = "PSC.Blazor.Components.Chartjs", "src\PSC.Blazor.Components.Chartjs.csproj", "{9B0704CA-1F56-4F1A-B9FB-FF11F80C6CF2}"
EndProject
Project("{9A19103F-16F7-4668-BE54-9A1E7A4F7556}") = "ChartjsDemo", "ChartjsDemo\ChartjsDemo.csproj", "{F723C835-B603-4DC7-9B00-C1845BE8FA20}"
EndProject
Global
	GlobalSection(SolutionConfigurationPlatforms) = preSolution
		Debug|Any CPU = Debug|Any CPU
		Release|Any CPU = Release|Any CPU
	EndGlobalSection
	GlobalSection(ProjectConfigurationPlatforms) = postSolution
		{9B0704CA-1F56-4F1A-B9FB-FF11F80C6CF2}.Debug|Any CPU.ActiveCfg = Debug|Any CPU
		{9B0704CA-1F56-4F1A-B9FB-FF11F80C6CF2}.Debug|Any CPU.Build.0 = Debug|Any CPU
		{9B0704CA-1F56-4F1A-B9FB-FF11F80C6CF2}.Release|Any CPU.ActiveCfg = Release|Any CPU
		{9B0704CA-1F56-4F1A-B9FB-FF11F80C6CF2}.Release|Any CPU.Build.0 = Release|Any CPU
		{F723C835-B603-4DC7-9B00-C1845BE8FA20}.Debug|Any CPU.ActiveCfg = Debug|Any CPU
		{F723C835-B603-4DC7-9B00-C1845BE8FA20}.Debug|Any CPU.Build.0 = Debug|Any CPU
		{F723C835-B603-4DC7-9B00-C1845BE8FA20}.Release|Any CPU.ActiveCfg = Release|Any CPU
		{F723C835-B603-4DC7-9B00-C1845BE8FA20}.Release|Any CPU.Build.0 = Release|Any CPU
	EndGlobalSection
	GlobalSection(SolutionProperties) = preSolution
		HideSolutionNode = FALSE
	EndGlobalSection
	GlobalSection(ExtensibilityGlobals) = postSolution
		SolutionGuid = {1A152847-247F-4CD9-9F11-F64D39CC034F}
	EndGlobalSection
EndGlobal
